// !$*UTF8*$!
{
	archiveVersion = 1;
	classes = {
	};
	objectVersion = 77;
	objects = {

/* Begin PBXContainerItemProxy section */
		EB4143272CC58967000FAB4E /* PBXContainerItemProxy */ = {
			isa = PBXContainerItemProxy;
			containerPortal = EB4143082CC58966000FAB4E /* Project object */;
			proxyType = 1;
			remoteGlobalIDString = EB41430F2CC58966000FAB4E;
			remoteInfo = lab_3;
		};
		EB4143312CC58967000FAB4E /* PBXContainerItemProxy */ = {
			isa = PBXContainerItemProxy;
			containerPortal = EB4143082CC58966000FAB4E /* Project object */;
			proxyType = 1;
			remoteGlobalIDString = EB41430F2CC58966000FAB4E;
			remoteInfo = lab_3;
		};
/* End PBXContainerItemProxy section */

/* Begin PBXFileReference section */
		EB4143102CC58966000FAB4E /* lab_3.app */ = {isa = PBXFileReference; explicitFileType = wrapper.application; includeInIndex = 0; path = lab_3.app; sourceTree = BUILT_PRODUCTS_DIR; };
		EB4143262CC58967000FAB4E /* lab_3Tests.xctest */ = {isa = PBXFileReference; explicitFileType = wrapper.cfbundle; includeInIndex = 0; path = lab_3Tests.xctest; sourceTree = BUILT_PRODUCTS_DIR; };
		EB4143302CC58967000FAB4E /* lab_3UITests.xctest */ = {isa = PBXFileReference; explicitFileType = wrapper.cfbundle; includeInIndex = 0; path = lab_3UITests.xctest; sourceTree = BUILT_PRODUCTS_DIR; };
/* End PBXFileReference section */

/* Begin PBXFileSystemSynchronizedBuildFileExceptionSet section */
		EB4143382CC58967000FAB4E /* Exceptions for "lab_3" folder in "lab_3" target */ = {
			isa = PBXFileSystemSynchronizedBuildFileExceptionSet;
			membershipExceptions = (
				Info.plist,
			);
			target = EB41430F2CC58966000FAB4E /* lab_3 */;
		};
/* End PBXFileSystemSynchronizedBuildFileExceptionSet section */

/* Begin PBXFileSystemSynchronizedRootGroup section */
		EB4143122CC58966000FAB4E /* lab_3 */ = {
			isa = PBXFileSystemSynchronizedRootGroup;
			exceptions = (
				EB4143382CC58967000FAB4E /* Exceptions for "lab_3" folder in "lab_3" target */,
			);
			path = lab_3;
			sourceTree = "<group>";
		};
		EB4143292CC58967000FAB4E /* lab_3Tests */ = {
			isa = PBXFileSystemSynchronizedRootGroup;
			path = lab_3Tests;
			sourceTree = "<group>";
		};
		EB4143332CC58967000FAB4E /* lab_3UITests */ = {
			isa = PBXFileSystemSynchronizedRootGroup;
			path = lab_3UITests;
			sourceTree = "<group>";
		};
/* End PBXFileSystemSynchronizedRootGroup section */

/* Begin PBXFrameworksBuildPhase section */
		EB41430D2CC58966000FAB4E /* Frameworks */ = {
			isa = PBXFrameworksBuildPhase;
			buildActionMask = 2147483647;
			files = (
			);
			runOnlyForDeploymentPostprocessing = 0;
		};
		EB4143232CC58967000FAB4E /* Frameworks */ = {
			isa = PBXFrameworksBuildPhase;
			buildActionMask = 2147483647;
			files = (
			);
			runOnlyForDeploymentPostprocessing = 0;
		};
		EB41432D2CC58967000FAB4E /* Frameworks */ = {
			isa = PBXFrameworksBuildPhase;
			buildActionMask = 2147483647;
			files = (
			);
			runOnlyForDeploymentPostprocessing = 0;
		};
/* End PBXFrameworksBuildPhase section */

/* Begin PBXGroup section */
		EB4143072CC58966000FAB4E = {
			isa = PBXGroup;
			children = (
				EB4143122CC58966000FAB4E /* lab_3 */,
				EB4143292CC58967000FAB4E /* lab_3Tests */,
				EB4143332CC58967000FAB4E /* lab_3UITests */,
				EB4143112CC58966000FAB4E /* Products */,
			);
			sourceTree = "<group>";
		};
		EB4143112CC58966000FAB4E /* Products */ = {
			isa = PBXGroup;
			children = (
				EB4143102CC58966000FAB4E /* lab_3.app */,
				EB4143262CC58967000FAB4E /* lab_3Tests.xctest */,
				EB4143302CC58967000FAB4E /* lab_3UITests.xctest */,
			);
			name = Products;
			sourceTree = "<group>";
		};
/* End PBXGroup section */

/* Begin PBXNativeTarget section */
		EB41430F2CC58966000FAB4E /* lab_3 */ = {
			isa = PBXNativeTarget;
			buildConfigurationList = EB4143392CC58967000FAB4E /* Build configuration list for PBXNativeTarget "lab_3" */;
			buildPhases = (
				EB41430C2CC58966000FAB4E /* Sources */,
				EB41430D2CC58966000FAB4E /* Frameworks */,
				EB41430E2CC58966000FAB4E /* Resources */,
			);
			buildRules = (
			);
			dependencies = (
			);
			fileSystemSynchronizedGroups = (
				EB4143122CC58966000FAB4E /* lab_3 */,
			);
			name = lab_3;
			packageProductDependencies = (
			);
			productName = lab_3;
			productReference = EB4143102CC58966000FAB4E /* lab_3.app */;
			productType = "com.apple.product-type.application";
		};
		EB4143252CC58967000FAB4E /* lab_3Tests */ = {
			isa = PBXNativeTarget;
			buildConfigurationList = EB41433E2CC58967000FAB4E /* Build configuration list for PBXNativeTarget "lab_3Tests" */;
			buildPhases = (
				EB4143222CC58967000FAB4E /* Sources */,
				EB4143232CC58967000FAB4E /* Frameworks */,
				EB4143242CC58967000FAB4E /* Resources */,
			);
			buildRules = (
			);
			dependencies = (
				EB4143282CC58967000FAB4E /* PBXTargetDependency */,
			);
			fileSystemSynchronizedGroups = (
				EB4143292CC58967000FAB4E /* lab_3Tests */,
			);
			name = lab_3Tests;
			packageProductDependencies = (
			);
			productName = lab_3Tests;
			productReference = EB4143262CC58967000FAB4E /* lab_3Tests.xctest */;
			productType = "com.apple.product-type.bundle.unit-test";
		};
		EB41432F2CC58967000FAB4E /* lab_3UITests */ = {
			isa = PBXNativeTarget;
			buildConfigurationList = EB4143412CC58967000FAB4E /* Build configuration list for PBXNativeTarget "lab_3UITests" */;
			buildPhases = (
				EB41432C2CC58967000FAB4E /* Sources */,
				EB41432D2CC58967000FAB4E /* Frameworks */,
				EB41432E2CC58967000FAB4E /* Resources */,
			);
			buildRules = (
			);
			dependencies = (
				EB4143322CC58967000FAB4E /* PBXTargetDependency */,
			);
			fileSystemSynchronizedGroups = (
				EB4143332CC58967000FAB4E /* lab_3UITests */,
			);
			name = lab_3UITests;
			packageProductDependencies = (
			);
			productName = lab_3UITests;
			productReference = EB4143302CC58967000FAB4E /* lab_3UITests.xctest */;
			productType = "com.apple.product-type.bundle.ui-testing";
		};
/* End PBXNativeTarget section */

/* Begin PBXProject section */
		EB4143082CC58966000FAB4E /* Project object */ = {
			isa = PBXProject;
			attributes = {
				BuildIndependentTargetsInParallel = 1;
				LastSwiftUpdateCheck = 1600;
				LastUpgradeCheck = 1600;
				TargetAttributes = {
					EB41430F2CC58966000FAB4E = {
						CreatedOnToolsVersion = 16.0;
					};
					EB4143252CC58967000FAB4E = {
						CreatedOnToolsVersion = 16.0;
						TestTargetID = EB41430F2CC58966000FAB4E;
					};
					EB41432F2CC58967000FAB4E = {
						CreatedOnToolsVersion = 16.0;
						TestTargetID = EB41430F2CC58966000FAB4E;
					};
				};
			};
			buildConfigurationList = EB41430B2CC58966000FAB4E /* Build configuration list for PBXProject "lab_3" */;
			developmentRegion = en;
			hasScannedForEncodings = 0;
			knownRegions = (
				en,
				Base,
			);
			mainGroup = EB4143072CC58966000FAB4E;
			minimizedProjectReferenceProxies = 1;
			preferredProjectObjectVersion = 77;
			productRefGroup = EB4143112CC58966000FAB4E /* Products */;
			projectDirPath = "";
			projectRoot = "";
			targets = (
				EB41430F2CC58966000FAB4E /* lab_3 */,
				EB4143252CC58967000FAB4E /* lab_3Tests */,
				EB41432F2CC58967000FAB4E /* lab_3UITests */,
			);
		};
/* End PBXProject section */

/* Begin PBXResourcesBuildPhase section */
		EB41430E2CC58966000FAB4E /* Resources */ = {
			isa = PBXResourcesBuildPhase;
			buildActionMask = 2147483647;
			files = (
			);
			runOnlyForDeploymentPostprocessing = 0;
		};
		EB4143242CC58967000FAB4E /* Resources */ = {
			isa = PBXResourcesBuildPhase;
			buildActionMask = 2147483647;
			files = (
			);
			runOnlyForDeploymentPostprocessing = 0;
		};
		EB41432E2CC58967000FAB4E /* Resources */ = {
			isa = PBXResourcesBuildPhase;
			buildActionMask = 2147483647;
			files = (
			);
			runOnlyForDeploymentPostprocessing = 0;
		};
/* End PBXResourcesBuildPhase section */

/* Begin PBXSourcesBuildPhase section */
		EB41430C2CC58966000FAB4E /* Sources */ = {
			isa = PBXSourcesBuildPhase;
			buildActionMask = 2147483647;
			files = (
			);
			runOnlyForDeploymentPostprocessing = 0;
		};
		EB4143222CC58967000FAB4E /* Sources */ = {
			isa = PBXSourcesBuildPhase;
			buildActionMask = 2147483647;
			files = (
			);
			runOnlyForDeploymentPostprocessing = 0;
		};
		EB41432C2CC58967000FAB4E /* Sources */ = {
			isa = PBXSourcesBuildPhase;
			buildActionMask = 2147483647;
			files = (
			);
			runOnlyForDeploymentPostprocessing = 0;
		};
/* End PBXSourcesBuildPhase section */

/* Begin PBXTargetDependency section */
		EB4143282CC58967000FAB4E /* PBXTargetDependency */ = {
			isa = PBXTargetDependency;
			target = EB41430F2CC58966000FAB4E /* lab_3 */;
			targetProxy = EB4143272CC58967000FAB4E /* PBXContainerItemProxy */;
		};
		EB4143322CC58967000FAB4E /* PBXTargetDependency */ = {
			isa = PBXTargetDependency;
			target = EB41430F2CC58966000FAB4E /* lab_3 */;
			targetProxy = EB4143312CC58967000FAB4E /* PBXContainerItemProxy */;
		};
/* End PBXTargetDependency section */

/* Begin XCBuildConfiguration section */
		EB41433A2CC58967000FAB4E /* Debug */ = {
			isa = XCBuildConfiguration;
			buildSettings = {
				ASSETCATALOG_COMPILER_APPICON_NAME = AppIcon;
				ASSETCATALOG_COMPILER_GLOBAL_ACCENT_COLOR_NAME = AccentColor;
				CODE_SIGN_STYLE = Automatic;
				CURRENT_PROJECT_VERSION = 1;
				DEVELOPMENT_TEAM = 6G746P767M;
				GENERATE_INFOPLIST_FILE = YES;
				INFOPLIST_FILE = lab_3/Info.plist;
				INFOPLIST_KEY_NSMotionUsageDescription = "This app uses your step count to track your daily activity.";
				INFOPLIST_KEY_UIApplicationSupportsIndirectInputEvents = YES;
				INFOPLIST_KEY_UILaunchStoryboardName = LaunchScreen;
				INFOPLIST_KEY_UIMainStoryboardFile = Main;
				INFOPLIST_KEY_UISupportedInterfaceOrientations_iPad = "UIInterfaceOrientationPortrait UIInterfaceOrientationPortraitUpsideDown UIInterfaceOrientationLandscapeLeft UIInterfaceOrientationLandscapeRight";
				INFOPLIST_KEY_UISupportedInterfaceOrientations_iPhone = "UIInterfaceOrientationPortrait UIInterfaceOrientationLandscapeLeft UIInterfaceOrientationLandscapeRight";
				LD_RUNPATH_SEARCH_PATHS = (
					"$(inherited)",
					"@executable_path/Frameworks",
				);
				MARKETING_VERSION = 1.0;
				PRODUCT_BUNDLE_IDENTIFIER = "lab-3";
				PRODUCT_NAME = "$(TARGET_NAME)";
				SWIFT_EMIT_LOC_STRINGS = YES;
				SWIFT_VERSION = 5.0;
				TARGETED_DEVICE_FAMILY = "1,2";
			};
			name = Debug;
		};
		EB41433B2CC58967000FAB4E /* Release */ = {
			isa = XCBuildConfiguration;
			buildSettings = {
				ASSETCATALOG_COMPILER_APPICON_NAME = AppIcon;
				ASSETCATALOG_COMPILER_GLOBAL_ACCENT_COLOR_NAME = AccentColor;
				CODE_SIGN_STYLE = Automatic;
				CURRENT_PROJECT_VERSION = 1;
				DEVELOPMENT_TEAM = 6G746P767M;
				GENERATE_INFOPLIST_FILE = YES;
				INFOPLIST_FILE = lab_3/Info.plist;
				INFOPLIST_KEY_NSMotionUsageDescription = "This app uses your step count to track your daily activity.";
				INFOPLIST_KEY_UIApplicationSupportsIndirectInputEvents = YES;
				INFOPLIST_KEY_UILaunchStoryboardName = LaunchScreen;
				INFOPLIST_KEY_UIMainStoryboardFile = Main;
				INFOPLIST_KEY_UISupportedInterfaceOrientations_iPad = "UIInterfaceOrientationPortrait UIInterfaceOrientationPortraitUpsideDown UIInterfaceOrientationLandscapeLeft UIInterfaceOrientationLandscapeRight";
				INFOPLIST_KEY_UISupportedInterfaceOrientations_iPhone = "UIInterfaceOrientationPortrait UIInterfaceOrientationLandscapeLeft UIInterfaceOrientationLandscapeRight";
				LD_RUNPATH_SEARCH_PATHS = (
					"$(inherited)",
					"@executable_path/Frameworks",
				);
				MARKETING_VERSION = 1.0;
				PRODUCT_BUNDLE_IDENTIFIER = "lab-3";
				PRODUCT_NAME = "$(TARGET_NAME)";
				SWIFT_EMIT_LOC_STRINGS = YES;
				SWIFT_VERSION = 5.0;
				TARGETED_DEVICE_FAMILY = "1,2";
			};
			name = Release;
		};
		EB41433C2CC58967000FAB4E /* Debug */ = {
			isa = XCBuildConfiguration;
			buildSettings = {
				ALWAYS_SEARCH_USER_PATHS = NO;
				ASSETCATALOG_COMPILER_GENERATE_SWIFT_ASSET_SYMBOL_EXTENSIONS = YES;
				CLANG_ANALYZER_NONNULL = YES;
				CLANG_ANALYZER_NUMBER_OBJECT_CONVERSION = YES_AGGRESSIVE;
				CLANG_CXX_LANGUAGE_STANDARD = "gnu++20";
				CLANG_ENABLE_MODULES = YES;
				CLANG_ENABLE_OBJC_ARC = YES;
				CLANG_ENABLE_OBJC_WEAK = YES;
				CLANG_WARN_BLOCK_CAPTURE_AUTORELEASING = YES;
				CLANG_WARN_BOOL_CONVERSION = YES;
				CLANG_WARN_COMMA = YES;
				CLANG_WARN_CONSTANT_CONVERSION = YES;
				CLANG_WARN_DEPRECATED_OBJC_IMPLEMENTATIONS = YES;
				CLANG_WARN_DIRECT_OBJC_ISA_USAGE = YES_ERROR;
				CLANG_WARN_DOCUMENTATION_COMMENTS = YES;
				CLANG_WARN_EMPTY_BODY = YES;
				CLANG_WARN_ENUM_CONVERSION = YES;
				CLANG_WARN_INFINITE_RECURSION = YES;
				CLANG_WARN_INT_CONVERSION = YES;
				CLANG_WARN_NON_LITERAL_NULL_CONVERSION = YES;
				CLANG_WARN_OBJC_IMPLICIT_RETAIN_SELF = YES;
				CLANG_WARN_OBJC_LITERAL_CONVERSION = YES;
				CLANG_WARN_OBJC_ROOT_CLASS = YES_ERROR;
				CLANG_WARN_QUOTED_INCLUDE_IN_FRAMEWORK_HEADER = YES;
				CLANG_WARN_RANGE_LOOP_ANALYSIS = YES;
				CLANG_WARN_STRICT_PROTOTYPES = YES;
				CLANG_WARN_SUSPICIOUS_MOVE = YES;
				CLANG_WARN_UNGUARDED_AVAILABILITY = YES_AGGRESSIVE;
				CLANG_WARN_UNREACHABLE_CODE = YES;
				CLANG_WARN__DUPLICATE_METHOD_MATCH = YES;
				COPY_PHASE_STRIP = NO;
				DEBUG_INFORMATION_FORMAT = dwarf;
				ENABLE_STRICT_OBJC_MSGSEND = YES;
				ENABLE_TESTABILITY = YES;
				ENABLE_USER_SCRIPT_SANDBOXING = YES;
				GCC_C_LANGUAGE_STANDARD = gnu17;
				GCC_DYNAMIC_NO_PIC = NO;
				GCC_NO_COMMON_BLOCKS = YES;
				GCC_OPTIMIZATION_LEVEL = 0;
				GCC_PREPROCESSOR_DEFINITIONS = (
					"DEBUG=1",
					"$(inherited)",
				);
				GCC_WARN_64_TO_32_BIT_CONVERSION = YES;
				GCC_WARN_ABOUT_RETURN_TYPE = YES_ERROR;
				GCC_WARN_UNDECLARED_SELECTOR = YES;
				GCC_WARN_UNINITIALIZED_AUTOS = YES_AGGRESSIVE;
				GCC_WARN_UNUSED_FUNCTION = YES;
				GCC_WARN_UNUSED_VARIABLE = YES;
				IPHONEOS_DEPLOYMENT_TARGET = 18.0;
				LOCALIZATION_PREFERS_STRING_CATALOGS = YES;
				MTL_ENABLE_DEBUG_INFO = INCLUDE_SOURCE;
				MTL_FAST_MATH = YES;
				ONLY_ACTIVE_ARCH = YES;
				SDKROOT = iphoneos;
				SWIFT_ACTIVE_COMPILATION_CONDITIONS = "DEBUG $(inherited)";
				SWIFT_OPTIMIZATION_LEVEL = "-Onone";
			};
			name = Debug;
		};
		EB41433D2CC58967000FAB4E /* Release */ = {
			isa = XCBuildConfiguration;
			buildSettings = {
				ALWAYS_SEARCH_USER_PATHS = NO;
				ASSETCATALOG_COMPILER_GENERATE_SWIFT_ASSET_SYMBOL_EXTENSIONS = YES;
				CLANG_ANALYZER_NONNULL = YES;
				CLANG_ANALYZER_NUMBER_OBJECT_CONVERSION = YES_AGGRESSIVE;
				CLANG_CXX_LANGUAGE_STANDARD = "gnu++20";
				CLANG_ENABLE_MODULES = YES;
				CLANG_ENABLE_OBJC_ARC = YES;
				CLANG_ENABLE_OBJC_WEAK = YES;
				CLANG_WARN_BLOCK_CAPTURE_AUTORELEASING = YES;
				CLANG_WARN_BOOL_CONVERSION = YES;
				CLANG_WARN_COMMA = YES;
				CLANG_WARN_CONSTANT_CONVERSION = YES;
				CLANG_WARN_DEPRECATED_OBJC_IMPLEMENTATIONS = YES;
				CLANG_WARN_DIRECT_OBJC_ISA_USAGE = YES_ERROR;
				CLANG_WARN_DOCUMENTATION_COMMENTS = YES;
				CLANG_WARN_EMPTY_BODY = YES;
				CLANG_WARN_ENUM_CONVERSION = YES;
				CLANG_WARN_INFINITE_RECURSION = YES;
				CLANG_WARN_INT_CONVERSION = YES;
				CLANG_WARN_NON_LITERAL_NULL_CONVERSION = YES;
				CLANG_WARN_OBJC_IMPLICIT_RETAIN_SELF = YES;
				CLANG_WARN_OBJC_LITERAL_CONVERSION = YES;
				CLANG_WARN_OBJC_ROOT_CLASS = YES_ERROR;
				CLANG_WARN_QUOTED_INCLUDE_IN_FRAMEWORK_HEADER = YES;
				CLANG_WARN_RANGE_LOOP_ANALYSIS = YES;
				CLANG_WARN_STRICT_PROTOTYPES = YES;
				CLANG_WARN_SUSPICIOUS_MOVE = YES;
				CLANG_WARN_UNGUARDED_AVAILABILITY = YES_AGGRESSIVE;
				CLANG_WARN_UNREACHABLE_CODE = YES;
				CLANG_WARN__DUPLICATE_METHOD_MATCH = YES;
				COPY_PHASE_STRIP = NO;
				DEBUG_INFORMATION_FORMAT = "dwarf-with-dsym";
				ENABLE_NS_ASSERTIONS = NO;
				ENABLE_STRICT_OBJC_MSGSEND = YES;
				ENABLE_USER_SCRIPT_SANDBOXING = YES;
				GCC_C_LANGUAGE_STANDARD = gnu17;
				GCC_NO_COMMON_BLOCKS = YES;
				GCC_WARN_64_TO_32_BIT_CONVERSION = YES;
				GCC_WARN_ABOUT_RETURN_TYPE = YES_ERROR;
				GCC_WARN_UNDECLARED_SELECTOR = YES;
				GCC_WARN_UNINITIALIZED_AUTOS = YES_AGGRESSIVE;
				GCC_WARN_UNUSED_FUNCTION = YES;
				GCC_WARN_UNUSED_VARIABLE = YES;
				IPHONEOS_DEPLOYMENT_TARGET = 18.0;
				LOCALIZATION_PREFERS_STRING_CATALOGS = YES;
				MTL_ENABLE_DEBUG_INFO = NO;
				MTL_FAST_MATH = YES;
				SDKROOT = iphoneos;
				SWIFT_COMPILATION_MODE = wholemodule;
				VALIDATE_PRODUCT = YES;
			};
			name = Release;
		};
		EB41433F2CC58967000FAB4E /* Debug */ = {
			isa = XCBuildConfiguration;
			buildSettings = {
				BUNDLE_LOADER = "$(TEST_HOST)";
				CODE_SIGN_STYLE = Automatic;
				CURRENT_PROJECT_VERSION = 1;
				DEVELOPMENT_TEAM = R7F5S3W42K;
				GENERATE_INFOPLIST_FILE = YES;
				IPHONEOS_DEPLOYMENT_TARGET = 18.0;
				MARKETING_VERSION = 1.0;
				PRODUCT_BUNDLE_IDENTIFIER = "cardot.lab-3Tests";
				PRODUCT_NAME = "$(TARGET_NAME)";
				SWIFT_EMIT_LOC_STRINGS = NO;
				SWIFT_VERSION = 5.0;
				TARGETED_DEVICE_FAMILY = "1,2";
				TEST_HOST = "$(BUILT_PRODUCTS_DIR)/lab_3.app/$(BUNDLE_EXECUTABLE_FOLDER_PATH)/lab_3";
			};
			name = Debug;
		};
		EB4143402CC58967000FAB4E /* Release */ = {
			isa = XCBuildConfiguration;
			buildSettings = {
				BUNDLE_LOADER = "$(TEST_HOST)";
				CODE_SIGN_STYLE = Automatic;
				CURRENT_PROJECT_VERSION = 1;
				DEVELOPMENT_TEAM = R7F5S3W42K;
				GENERATE_INFOPLIST_FILE = YES;
				IPHONEOS_DEPLOYMENT_TARGET = 18.0;
				MARKETING_VERSION = 1.0;
				PRODUCT_BUNDLE_IDENTIFIER = "cardot.lab-3Tests";
				PRODUCT_NAME = "$(TARGET_NAME)";
				SWIFT_EMIT_LOC_STRINGS = NO;
				SWIFT_VERSION = 5.0;
				TARGETED_DEVICE_FAMILY = "1,2";
				TEST_HOST = "$(BUILT_PRODUCTS_DIR)/lab_3.app/$(BUNDLE_EXECUTABLE_FOLDER_PATH)/lab_3";
			};
			name = Release;
		};
		EB4143422CC58967000FAB4E /* Debug */ = {
			isa = XCBuildConfiguration;
			buildSettings = {
				CODE_SIGN_STYLE = Automatic;
				CURRENT_PROJECT_VERSION = 1;
				DEVELOPMENT_TEAM = R7F5S3W42K;
				GENERATE_INFOPLIST_FILE = YES;
				MARKETING_VERSION = 1.0;
				PRODUCT_BUNDLE_IDENTIFIER = "cardot.lab-3UITests";
				PRODUCT_NAME = "$(TARGET_NAME)";
				SWIFT_EMIT_LOC_STRINGS = NO;
				SWIFT_VERSION = 5.0;
				TARGETED_DEVICE_FAMILY = "1,2";
				TEST_TARGET_NAME = lab_3;
			};
			name = Debug;
		};
		EB4143432CC58967000FAB4E /* Release */ = {
			isa = XCBuildConfiguration;
			buildSettings = {
				CODE_SIGN_STYLE = Automatic;
				CURRENT_PROJECT_VERSION = 1;
				DEVELOPMENT_TEAM = R7F5S3W42K;
				GENERATE_INFOPLIST_FILE = YES;
				MARKETING_VERSION = 1.0;
				PRODUCT_BUNDLE_IDENTIFIER = "cardot.lab-3UITests";
				PRODUCT_NAME = "$(TARGET_NAME)";
				SWIFT_EMIT_LOC_STRINGS = NO;
				SWIFT_VERSION = 5.0;
				TARGETED_DEVICE_FAMILY = "1,2";
				TEST_TARGET_NAME = lab_3;
			};
			name = Release;
		};
/* End XCBuildConfiguration section */

/* Begin XCConfigurationList section */
		EB41430B2CC58966000FAB4E /* Build configuration list for PBXProject "lab_3" */ = {
			isa = XCConfigurationList;
			buildConfigurations = (
				EB41433C2CC58967000FAB4E /* Debug */,
				EB41433D2CC58967000FAB4E /* Release */,
			);
			defaultConfigurationIsVisible = 0;
			defaultConfigurationName = Release;
		};
		EB4143392CC58967000FAB4E /* Build configuration list for PBXNativeTarget "lab_3" */ = {
			isa = XCConfigurationList;
			buildConfigurations = (
				EB41433A2CC58967000FAB4E /* Debug */,
				EB41433B2CC58967000FAB4E /* Release */,
			);
			defaultConfigurationIsVisible = 0;
			defaultConfigurationName = Release;
		};
		EB41433E2CC58967000FAB4E /* Build configuration list for PBXNativeTarget "lab_3Tests" */ = {
			isa = XCConfigurationList;
			buildConfigurations = (
				EB41433F2CC58967000FAB4E /* Debug */,
				EB4143402CC58967000FAB4E /* Release */,
			);
			defaultConfigurationIsVisible = 0;
			defaultConfigurationName = Release;
		};
		EB4143412CC58967000FAB4E /* Build configuration list for PBXNativeTarget "lab_3UITests" */ = {
			isa = XCConfigurationList;
			buildConfigurations = (
				EB4143422CC58967000FAB4E /* Debug */,
				EB4143432CC58967000FAB4E /* Release */,
			);
			defaultConfigurationIsVisible = 0;
			defaultConfigurationName = Release;
		};
/* End XCConfigurationList section */
	};
	rootObject = EB4143082CC58966000FAB4E /* Project object */;
}
